// !$*UTF8*$!
{
	archiveVersion = 1;
	classes = {
	};
	objectVersion = 50;
	objects = {

/* Begin PBXBuildFile section */
		4E095522253E0340001568FF /* JapHelperApp.swift in Sources */ = {isa = PBXBuildFile; fileRef = 4E095521253E0340001568FF /* JapHelperApp.swift */; };
		4E095524253E0340001568FF /* ContentView.swift in Sources */ = {isa = PBXBuildFile; fileRef = 4E095523253E0340001568FF /* ContentView.swift */; };
		4E095526253E0343001568FF /* Assets.xcassets in Resources */ = {isa = PBXBuildFile; fileRef = 4E095525253E0343001568FF /* Assets.xcassets */; };
		4E095529253E0343001568FF /* Preview Assets.xcassets in Resources */ = {isa = PBXBuildFile; fileRef = 4E095528253E0343001568FF /* Preview Assets.xcassets */; };
		4E09552B253E0343001568FF /* Persistence.swift in Sources */ = {isa = PBXBuildFile; fileRef = 4E09552A253E0343001568FF /* Persistence.swift */; };
		4E09552E253E0343001568FF /* JapHelper.xcdatamodeld in Sources */ = {isa = PBXBuildFile; fileRef = 4E09552C253E0343001568FF /* JapHelper.xcdatamodeld */; };
		4E095537253E05DD001568FF /* lastAndSearch.swift in Sources */ = {isa = PBXBuildFile; fileRef = 4E095536253E05DD001568FF /* lastAndSearch.swift */; };
		4E09553B253E083F001568FF /* VocabularyAdd.swift in Sources */ = {isa = PBXBuildFile; fileRef = 4E09553A253E083F001568FF /* VocabularyAdd.swift */; };
		4E149474254AA9BC00BB10EE /* lessonsData.json in Resources */ = {isa = PBXBuildFile; fileRef = 4E149473254AA9BC00BB10EE /* lessonsData.json */; };
		4E149477254AABAB00BB10EE /* testButtonAdd.swift in Sources */ = {isa = PBXBuildFile; fileRef = 4E149476254AABAB00BB10EE /* testButtonAdd.swift */; };
		4E6F5EF52540C32100C7CE93 /* ListOfWords.swift in Sources */ = {isa = PBXBuildFile; fileRef = 4E6F5EF42540C32100C7CE93 /* ListOfWords.swift */; };
		4E70C48E255806A000EA87E0 /* first.jpg in Resources */ = {isa = PBXBuildFile; fileRef = 4E70C48D255806A000EA87E0 /* first.jpg */; };
		4EA6A51F254B05CD00D9B727 /* Data.swift in Sources */ = {isa = PBXBuildFile; fileRef = 4EA6A51E254B05CD00D9B727 /* Data.swift */; };
		4EE2A6E125508A1100A45231 /* lessonsPage(Test).swift in Sources */ = {isa = PBXBuildFile; fileRef = 4EE2A6E025508A1100A45231 /* lessonsPage(Test).swift */; };
		4EF784472540BE0C005BF2E0 /* Word+CoreDataClass.swift in Sources */ = {isa = PBXBuildFile; fileRef = 4EF784432540BE0C005BF2E0 /* Word+CoreDataClass.swift */; };
		4EF784482540BE0C005BF2E0 /* Word+CoreDataProperties.swift in Sources */ = {isa = PBXBuildFile; fileRef = 4EF784442540BE0C005BF2E0 /* Word+CoreDataProperties.swift */; };
		4EF784492540BE0C005BF2E0 /* Group+CoreDataClass.swift in Sources */ = {isa = PBXBuildFile; fileRef = 4EF784452540BE0C005BF2E0 /* Group+CoreDataClass.swift */; };
		4EF7844A2540BE0C005BF2E0 /* Group+CoreDataProperties.swift in Sources */ = {isa = PBXBuildFile; fileRef = 4EF784462540BE0C005BF2E0 /* Group+CoreDataProperties.swift */; };
/* End PBXBuildFile section */

/* Begin PBXFileReference section */
		4E09551E253E0340001568FF /* JapHelper.app */ = {isa = PBXFileReference; explicitFileType = wrapper.application; includeInIndex = 0; path = JapHelper.app; sourceTree = BUILT_PRODUCTS_DIR; };
		4E095521253E0340001568FF /* JapHelperApp.swift */ = {isa = PBXFileReference; lastKnownFileType = sourcecode.swift; path = JapHelperApp.swift; sourceTree = "<group>"; };
		4E095523253E0340001568FF /* ContentView.swift */ = {isa = PBXFileReference; lastKnownFileType = sourcecode.swift; path = ContentView.swift; sourceTree = "<group>"; };
		4E095525253E0343001568FF /* Assets.xcassets */ = {isa = PBXFileReference; lastKnownFileType = folder.assetcatalog; path = Assets.xcassets; sourceTree = "<group>"; };
		4E095528253E0343001568FF /* Preview Assets.xcassets */ = {isa = PBXFileReference; lastKnownFileType = folder.assetcatalog; path = "Preview Assets.xcassets"; sourceTree = "<group>"; };
		4E09552A253E0343001568FF /* Persistence.swift */ = {isa = PBXFileReference; lastKnownFileType = sourcecode.swift; path = Persistence.swift; sourceTree = "<group>"; };
		4E09552D253E0343001568FF /* JapHelper.xcdatamodel */ = {isa = PBXFileReference; lastKnownFileType = wrapper.xcdatamodel; path = JapHelper.xcdatamodel; sourceTree = "<group>"; };
		4E09552F253E0343001568FF /* Info.plist */ = {isa = PBXFileReference; lastKnownFileType = text.plist.xml; path = Info.plist; sourceTree = "<group>"; };
		4E095536253E05DD001568FF /* lastAndSearch.swift */ = {isa = PBXFileReference; lastKnownFileType = sourcecode.swift; path = lastAndSearch.swift; sourceTree = "<group>"; };
		4E09553A253E083F001568FF /* VocabularyAdd.swift */ = {isa = PBXFileReference; lastKnownFileType = sourcecode.swift; path = VocabularyAdd.swift; sourceTree = "<group>"; };
		4E149473254AA9BC00BB10EE /* lessonsData.json */ = {isa = PBXFileReference; lastKnownFileType = text.json; path = lessonsData.json; sourceTree = "<group>"; };
		4E149476254AABAB00BB10EE /* testButtonAdd.swift */ = {isa = PBXFileReference; lastKnownFileType = sourcecode.swift; path = testButtonAdd.swift; sourceTree = "<group>"; };
		4E6F5EF42540C32100C7CE93 /* ListOfWords.swift */ = {isa = PBXFileReference; lastKnownFileType = sourcecode.swift; path = ListOfWords.swift; sourceTree = "<group>"; };
		4E70C48D255806A000EA87E0 /* first.jpg */ = {isa = PBXFileReference; lastKnownFileType = image.jpeg; path = first.jpg; sourceTree = "<group>"; };
		4EA6A51E254B05CD00D9B727 /* Data.swift */ = {isa = PBXFileReference; lastKnownFileType = sourcecode.swift; path = Data.swift; sourceTree = "<group>"; };
		4EE2A6E025508A1100A45231 /* lessonsPage(Test).swift */ = {isa = PBXFileReference; lastKnownFileType = sourcecode.swift; path = "lessonsPage(Test).swift"; sourceTree = "<group>"; };
		4EF784432540BE0C005BF2E0 /* Word+CoreDataClass.swift */ = {isa = PBXFileReference; lastKnownFileType = sourcecode.swift; path = "Word+CoreDataClass.swift"; sourceTree = "<group>"; };
		4EF784442540BE0C005BF2E0 /* Word+CoreDataProperties.swift */ = {isa = PBXFileReference; lastKnownFileType = sourcecode.swift; path = "Word+CoreDataProperties.swift"; sourceTree = "<group>"; };
		4EF784452540BE0C005BF2E0 /* Group+CoreDataClass.swift */ = {isa = PBXFileReference; lastKnownFileType = sourcecode.swift; path = "Group+CoreDataClass.swift"; sourceTree = "<group>"; };
		4EF784462540BE0C005BF2E0 /* Group+CoreDataProperties.swift */ = {isa = PBXFileReference; lastKnownFileType = sourcecode.swift; path = "Group+CoreDataProperties.swift"; sourceTree = "<group>"; };
/* End PBXFileReference section */

/* Begin PBXFrameworksBuildPhase section */
		4E09551B253E0340001568FF /* Frameworks */ = {
			isa = PBXFrameworksBuildPhase;
			buildActionMask = 2147483647;
			files = (
			);
			runOnlyForDeploymentPostprocessing = 0;
		};
/* End PBXFrameworksBuildPhase section */

/* Begin PBXGroup section */
		4E095515253E0340001568FF = {
			isa = PBXGroup;
			children = (
				4EF7844C2540BF2F005BF2E0 /* CoreData */,
				4EA6A51D254B04AC00D9B727 /* Data */,
				4E095520253E0340001568FF /* JapHelper */,
				4E09551F253E0340001568FF /* Products */,
			);
			sourceTree = "<group>";
		};
		4E09551F253E0340001568FF /* Products */ = {
			isa = PBXGroup;
			children = (
				4E09551E253E0340001568FF /* JapHelper.app */,
			);
			name = Products;
			sourceTree = "<group>";
		};
		4E095520253E0340001568FF /* JapHelper */ = {
			isa = PBXGroup;
			children = (
				4E095521253E0340001568FF /* JapHelperApp.swift */,
				4E6F5EF32540C30A00C7CE93 /* Pages */,
				4E095539253E07FB001568FF /* SubViews */,
				4E095525253E0343001568FF /* Assets.xcassets */,
				4E09552A253E0343001568FF /* Persistence.swift */,
				4E09552F253E0343001568FF /* Info.plist */,
				4E09552C253E0343001568FF /* JapHelper.xcdatamodeld */,
				4E095527253E0343001568FF /* Preview Content */,
			);
			path = JapHelper;
			sourceTree = "<group>";
		};
		4E095527253E0343001568FF /* Preview Content */ = {
			isa = PBXGroup;
			children = (
				4E095528253E0343001568FF /* Preview Assets.xcassets */,
			);
			path = "Preview Content";
			sourceTree = "<group>";
		};
		4E095539253E07FB001568FF /* SubViews */ = {
			isa = PBXGroup;
			children = (
				4E095536253E05DD001568FF /* lastAndSearch.swift */,
				4E09553A253E083F001568FF /* VocabularyAdd.swift */,
				4E149476254AABAB00BB10EE /* testButtonAdd.swift */,
			);
			path = SubViews;
			sourceTree = "<group>";
		};
		4E6F5EF32540C30A00C7CE93 /* Pages */ = {
			isa = PBXGroup;
			children = (
				4E095523253E0340001568FF /* ContentView.swift */,
				4E6F5EF42540C32100C7CE93 /* ListOfWords.swift */,
				4EE2A6E025508A1100A45231 /* lessonsPage(Test).swift */,
			);
			path = Pages;
			sourceTree = "<group>";
		};
		4EA6A51D254B04AC00D9B727 /* Data */ = {
			isa = PBXGroup;
			children = (
				4E149473254AA9BC00BB10EE /* lessonsData.json */,
				4EA6A51E254B05CD00D9B727 /* Data.swift */,
				4E70C48D255806A000EA87E0 /* first.jpg */,
			);
			path = Data;
			sourceTree = "<group>";
		};
		4EF7844C2540BF2F005BF2E0 /* CoreData */ = {
			isa = PBXGroup;
			children = (
				4EF784432540BE0C005BF2E0 /* Word+CoreDataClass.swift */,
				4EF784442540BE0C005BF2E0 /* Word+CoreDataProperties.swift */,
				4EF784452540BE0C005BF2E0 /* Group+CoreDataClass.swift */,
				4EF784462540BE0C005BF2E0 /* Group+CoreDataProperties.swift */,
			);
			path = CoreData;
			sourceTree = "<group>";
		};
/* End PBXGroup section */

/* Begin PBXNativeTarget section */
		4E09551D253E0340001568FF /* JapHelper */ = {
			isa = PBXNativeTarget;
			buildConfigurationList = 4E095532253E0343001568FF /* Build configuration list for PBXNativeTarget "JapHelper" */;
			buildPhases = (
				4E09551A253E0340001568FF /* Sources */,
				4E09551B253E0340001568FF /* Frameworks */,
				4E09551C253E0340001568FF /* Resources */,
			);
			buildRules = (
			);
			dependencies = (
			);
			name = JapHelper;
			productName = JapHelper;
			productReference = 4E09551E253E0340001568FF /* JapHelper.app */;
			productType = "com.apple.product-type.application";
		};
/* End PBXNativeTarget section */

/* Begin PBXProject section */
		4E095516253E0340001568FF /* Project object */ = {
			isa = PBXProject;
			attributes = {
				LastSwiftUpdateCheck = 1200;
				LastUpgradeCheck = 1200;
				TargetAttributes = {
					4E09551D253E0340001568FF = {
						CreatedOnToolsVersion = 12.0;
					};
				};
			};
			buildConfigurationList = 4E095519253E0340001568FF /* Build configuration list for PBXProject "JapHelper" */;
			compatibilityVersion = "Xcode 9.3";
			developmentRegion = en;
			hasScannedForEncodings = 0;
			knownRegions = (
				en,
				Base,
			);
			mainGroup = 4E095515253E0340001568FF;
			productRefGroup = 4E09551F253E0340001568FF /* Products */;
			projectDirPath = "";
			projectRoot = "";
			targets = (
				4E09551D253E0340001568FF /* JapHelper */,
			);
		};
/* End PBXProject section */

/* Begin PBXResourcesBuildPhase section */
		4E09551C253E0340001568FF /* Resources */ = {
			isa = PBXResourcesBuildPhase;
			buildActionMask = 2147483647;
			files = (
				4E70C48E255806A000EA87E0 /* first.jpg in Resources */,
				4E095529253E0343001568FF /* Preview Assets.xcassets in Resources */,
				4E149474254AA9BC00BB10EE /* lessonsData.json in Resources */,
				4E095526253E0343001568FF /* Assets.xcassets in Resources */,
			);
			runOnlyForDeploymentPostprocessing = 0;
		};
/* End PBXResourcesBuildPhase section */

/* Begin PBXSourcesBuildPhase section */
		4E09551A253E0340001568FF /* Sources */ = {
			isa = PBXSourcesBuildPhase;
			buildActionMask = 2147483647;
			files = (
				4E095537253E05DD001568FF /* lastAndSearch.swift in Sources */,
				4EF784492540BE0C005BF2E0 /* Group+CoreDataClass.swift in Sources */,
				4E09552B253E0343001568FF /* Persistence.swift in Sources */,
				4E09552E253E0343001568FF /* JapHelper.xcdatamodeld in Sources */,
				4EF784472540BE0C005BF2E0 /* Word+CoreDataClass.swift in Sources */,
				4E09553B253E083F001568FF /* VocabularyAdd.swift in Sources */,
				4E095524253E0340001568FF /* ContentView.swift in Sources */,
				4EF7844A2540BE0C005BF2E0 /* Group+CoreDataProperties.swift in Sources */,
				4EA6A51F254B05CD00D9B727 /* Data.swift in Sources */,
				4E095522253E0340001568FF /* JapHelperApp.swift in Sources */,
				4E6F5EF52540C32100C7CE93 /* ListOfWords.swift in Sources */,
				4EF784482540BE0C005BF2E0 /* Word+CoreDataProperties.swift in Sources */,
				4E149477254AABAB00BB10EE /* testButtonAdd.swift in Sources */,
				4EE2A6E125508A1100A45231 /* lessonsPage(Test).swift in Sources */,
			);
			runOnlyForDeploymentPostprocessing = 0;
		};
/* End PBXSourcesBuildPhase section */

/* Begin XCBuildConfiguration section */
		4E095530253E0343001568FF /* Debug */ = {
			isa = XCBuildConfiguration;
			buildSettings = {
				ALWAYS_SEARCH_USER_PATHS = NO;
				CLANG_ANALYZER_NONNULL = YES;
				CLANG_ANALYZER_NUMBER_OBJECT_CONVERSION = YES_AGGRESSIVE;
				CLANG_CXX_LANGUAGE_STANDARD = "gnu++14";
				CLANG_CXX_LIBRARY = "libc++";
				CLANG_ENABLE_MODULES = YES;
				CLANG_ENABLE_OBJC_ARC = YES;
				CLANG_ENABLE_OBJC_WEAK = YES;
				CLANG_WARN_BLOCK_CAPTURE_AUTORELEASING = YES;
				CLANG_WARN_BOOL_CONVERSION = YES;
				CLANG_WARN_COMMA = YES;
				CLANG_WARN_CONSTANT_CONVERSION = YES;
				CLANG_WARN_DEPRECATED_OBJC_IMPLEMENTATIONS = YES;
				CLANG_WARN_DIRECT_OBJC_ISA_USAGE = YES_ERROR;
				CLANG_WARN_DOCUMENTATION_COMMENTS = YES;
				CLANG_WARN_EMPTY_BODY = YES;
				CLANG_WARN_ENUM_CONVERSION = YES;
				CLANG_WARN_INFINITE_RECURSION = YES;
				CLANG_WARN_INT_CONVERSION = YES;
				CLANG_WARN_NON_LITERAL_NULL_CONVERSION = YES;
				CLANG_WARN_OBJC_IMPLICIT_RETAIN_SELF = YES;
				CLANG_WARN_OBJC_LITERAL_CONVERSION = YES;
				CLANG_WARN_OBJC_ROOT_CLASS = YES_ERROR;
				CLANG_WARN_QUOTED_INCLUDE_IN_FRAMEWORK_HEADER = YES;
				CLANG_WARN_RANGE_LOOP_ANALYSIS = YES;
				CLANG_WARN_STRICT_PROTOTYPES = YES;
				CLANG_WARN_SUSPICIOUS_MOVE = YES;
				CLANG_WARN_UNGUARDED_AVAILABILITY = YES_AGGRESSIVE;
				CLANG_WARN_UNREACHABLE_CODE = YES;
				CLANG_WARN__DUPLICATE_METHOD_MATCH = YES;
				COPY_PHASE_STRIP = NO;
				DEBUG_INFORMATION_FORMAT = dwarf;
				ENABLE_STRICT_OBJC_MSGSEND = YES;
				ENABLE_TESTABILITY = YES;
				GCC_C_LANGUAGE_STANDARD = gnu11;
				GCC_DYNAMIC_NO_PIC = NO;
				GCC_NO_COMMON_BLOCKS = YES;
				GCC_OPTIMIZATION_LEVEL = 0;
				GCC_PREPROCESSOR_DEFINITIONS = (
					"DEBUG=1",
					"$(inherited)",
				);
				GCC_WARN_64_TO_32_BIT_CONVERSION = YES;
				GCC_WARN_ABOUT_RETURN_TYPE = YES_ERROR;
				GCC_WARN_UNDECLARED_SELECTOR = YES;
				GCC_WARN_UNINITIALIZED_AUTOS = YES_AGGRESSIVE;
				GCC_WARN_UNUSED_FUNCTION = YES;
				GCC_WARN_UNUSED_VARIABLE = YES;
				IPHONEOS_DEPLOYMENT_TARGET = 14.0;
				MTL_ENABLE_DEBUG_INFO = INCLUDE_SOURCE;
				MTL_FAST_MATH = YES;
				ONLY_ACTIVE_ARCH = YES;
				SDKROOT = iphoneos;
				SWIFT_ACTIVE_COMPILATION_CONDITIONS = DEBUG;
				SWIFT_OPTIMIZATION_LEVEL = "-Onone";
			};
			name = Debug;
		};
		4E095531253E0343001568FF /* Release */ = {
			isa = XCBuildConfiguration;
			buildSettings = {
				ALWAYS_SEARCH_USER_PATHS = NO;
				CLANG_ANALYZER_NONNULL = YES;
				CLANG_ANALYZER_NUMBER_OBJECT_CONVERSION = YES_AGGRESSIVE;
				CLANG_CXX_LANGUAGE_STANDARD = "gnu++14";
				CLANG_CXX_LIBRARY = "libc++";
				CLANG_ENABLE_MODULES = YES;
				CLANG_ENABLE_OBJC_ARC = YES;
				CLANG_ENABLE_OBJC_WEAK = YES;
				CLANG_WARN_BLOCK_CAPTURE_AUTORELEASING = YES;
				CLANG_WARN_BOOL_CONVERSION = YES;
				CLANG_WARN_COMMA = YES;
				CLANG_WARN_CONSTANT_CONVERSION = YES;
				CLANG_WARN_DEPRECATED_OBJC_IMPLEMENTATIONS = YES;
				CLANG_WARN_DIRECT_OBJC_ISA_USAGE = YES_ERROR;
				CLANG_WARN_DOCUMENTATION_COMMENTS = YES;
				CLANG_WARN_EMPTY_BODY = YES;
				CLANG_WARN_ENUM_CONVERSION = YES;
				CLANG_WARN_INFINITE_RECURSION = YES;
				CLANG_WARN_INT_CONVERSION = YES;
				CLANG_WARN_NON_LITERAL_NULL_CONVERSION = YES;
				CLANG_WARN_OBJC_IMPLICIT_RETAIN_SELF = YES;
				CLANG_WARN_OBJC_LITERAL_CONVERSION = YES;
				CLANG_WARN_OBJC_ROOT_CLASS = YES_ERROR;
				CLANG_WARN_QUOTED_INCLUDE_IN_FRAMEWORK_HEADER = YES;
				CLANG_WARN_RANGE_LOOP_ANALYSIS = YES;
				CLANG_WARN_STRICT_PROTOTYPES = YES;
				CLANG_WARN_SUSPICIOUS_MOVE = YES;
				CLANG_WARN_UNGUARDED_AVAILABILITY = YES_AGGRESSIVE;
				CLANG_WARN_UNREACHABLE_CODE = YES;
				CLANG_WARN__DUPLICATE_METHOD_MATCH = YES;
				COPY_PHASE_STRIP = NO;
				DEBUG_INFORMATION_FORMAT = "dwarf-with-dsym";
				ENABLE_NS_ASSERTIONS = NO;
				ENABLE_STRICT_OBJC_MSGSEND = YES;
				GCC_C_LANGUAGE_STANDARD = gnu11;
				GCC_NO_COMMON_BLOCKS = YES;
				GCC_WARN_64_TO_32_BIT_CONVERSION = YES;
				GCC_WARN_ABOUT_RETURN_TYPE = YES_ERROR;
				GCC_WARN_UNDECLARED_SELECTOR = YES;
				GCC_WARN_UNINITIALIZED_AUTOS = YES_AGGRESSIVE;
				GCC_WARN_UNUSED_FUNCTION = YES;
				GCC_WARN_UNUSED_VARIABLE = YES;
				IPHONEOS_DEPLOYMENT_TARGET = 14.0;
				MTL_ENABLE_DEBUG_INFO = NO;
				MTL_FAST_MATH = YES;
				SDKROOT = iphoneos;
				SWIFT_COMPILATION_MODE = wholemodule;
				SWIFT_OPTIMIZATION_LEVEL = "-O";
				VALIDATE_PRODUCT = YES;
			};
			name = Release;
		};
		4E095533253E0343001568FF /* Debug */ = {
			isa = XCBuildConfiguration;
			buildSettings = {
				ASSETCATALOG_COMPILER_APPICON_NAME = AppIcon;
				ASSETCATALOG_COMPILER_GLOBAL_ACCENT_COLOR_NAME = AccentColor;
				CODE_SIGN_STYLE = Automatic;
				DEVELOPMENT_ASSET_PATHS = "\"JapHelper/Preview Content\"";
				DEVELOPMENT_TEAM = 5PVHGUKPAW;
				ENABLE_PREVIEWS = YES;
				INFOPLIST_FILE = JapHelper/Info.plist;
				IPHONEOS_DEPLOYMENT_TARGET = 14.0;
				LD_RUNPATH_SEARCH_PATHS = (
					"$(inherited)",
					"@executable_path/Frameworks",
				);
				PRODUCT_BUNDLE_IDENTIFIER = com.CodingKovs.JapHelper;
				PRODUCT_NAME = "$(TARGET_NAME)";
				SWIFT_VERSION = 5.0;
				TARGETED_DEVICE_FAMILY = "1,2";
			};
			name = Debug;
		};
		4E095534253E0343001568FF /* Release */ = {
			isa = XCBuildConfiguration;
			buildSettings = {
				ASSETCATALOG_COMPILER_APPICON_NAME = AppIcon;
				ASSETCATALOG_COMPILER_GLOBAL_ACCENT_COLOR_NAME = AccentColor;
				CODE_SIGN_STYLE = Automatic;
				DEVELOPMENT_ASSET_PATHS = "\"JapHelper/Preview Content\"";
				DEVELOPMENT_TEAM = 5PVHGUKPAW;
				ENABLE_PREVIEWS = YES;
				INFOPLIST_FILE = JapHelper/Info.plist;
				IPHONEOS_DEPLOYMENT_TARGET = 14.0;
				LD_RUNPATH_SEARCH_PATHS = (
					"$(inherited)",
					"@executable_path/Frameworks",
				);
				PRODUCT_BUNDLE_IDENTIFIER = com.CodingKovs.JapHelper;
				PRODUCT_NAME = "$(TARGET_NAME)";
				SWIFT_VERSION = 5.0;
				TARGETED_DEVICE_FAMILY = "1,2";
			};
			name = Release;
		};
/* End XCBuildConfiguration section */

/* Begin XCConfigurationList section */
		4E095519253E0340001568FF /* Build configuration list for PBXProject "JapHelper" */ = {
			isa = XCConfigurationList;
			buildConfigurations = (
				4E095530253E0343001568FF /* Debug */,
				4E095531253E0343001568FF /* Release */,
			);
			defaultConfigurationIsVisible = 0;
			defaultConfigurationName = Release;
		};
		4E095532253E0343001568FF /* Build configuration list for PBXNativeTarget "JapHelper" */ = {
			isa = XCConfigurationList;
			buildConfigurations = (
				4E095533253E0343001568FF /* Debug */,
				4E095534253E0343001568FF /* Release */,
			);
			defaultConfigurationIsVisible = 0;
			defaultConfigurationName = Release;
		};
/* End XCConfigurationList section */

/* Begin XCVersionGroup section */
		4E09552C253E0343001568FF /* JapHelper.xcdatamodeld */ = {
			isa = XCVersionGroup;
			children = (
				4E09552D253E0343001568FF /* JapHelper.xcdatamodel */,
			);
			currentVersion = 4E09552D253E0343001568FF /* JapHelper.xcdatamodel */;
			path = JapHelper.xcdatamodeld;
			sourceTree = "<group>";
			versionGroupType = wrapper.xcdatamodel;
		};
/* End XCVersionGroup section */
	};
	rootObject = 4E095516253E0340001568FF /* Project object */;
}
